// !$*UTF8*$!
{
	archiveVersion = 1;
	classes = {
	};
	objectVersion = 56;
	objects = {

/* Begin PBXBuildFile section */
		FC6BC0B62AB9340600C84D25 /* AppDelegate.swift in Sources */ = {isa = PBXBuildFile; fileRef = FC6BC0B52AB9340600C84D25 /* AppDelegate.swift */; };
		FC6BC0B82AB9340600C84D25 /* SceneDelegate.swift in Sources */ = {isa = PBXBuildFile; fileRef = FC6BC0B72AB9340600C84D25 /* SceneDelegate.swift */; };
		FC6BC0BA2AB9340600C84D25 /* Main_ViewController.swift in Sources */ = {isa = PBXBuildFile; fileRef = FC6BC0B92AB9340600C84D25 /* Main_ViewController.swift */; };
		FC6BC0BD2AB9340600C84D25 /* Main.storyboard in Resources */ = {isa = PBXBuildFile; fileRef = FC6BC0BB2AB9340600C84D25 /* Main.storyboard */; };
		FC6BC0BF2AB9340800C84D25 /* Assets.xcassets in Resources */ = {isa = PBXBuildFile; fileRef = FC6BC0BE2AB9340800C84D25 /* Assets.xcassets */; };
		FC6BC0C22AB9340800C84D25 /* LaunchScreen.storyboard in Resources */ = {isa = PBXBuildFile; fileRef = FC6BC0C02AB9340800C84D25 /* LaunchScreen.storyboard */; };
		FC6BC0CB2AB9382400C84D25 /* kakao_login_btn.png in Resources */ = {isa = PBXBuildFile; fileRef = FC6BC0CA2AB9382400C84D25 /* kakao_login_btn.png */; };
		FC6BC0CF2AB9390C00C84D25 /* PC_Storyboard.storyboard in Resources */ = {isa = PBXBuildFile; fileRef = FC6BC0CE2AB9390C00C84D25 /* PC_Storyboard.storyboard */; };
		FC6BC0D12AB9392B00C84D25 /* Shop_Storyboard.storyboard in Resources */ = {isa = PBXBuildFile; fileRef = FC6BC0D02AB9392B00C84D25 /* Shop_Storyboard.storyboard */; };
		FC6BC0D32AB9394600C84D25 /* Mypage_Storyboard.storyboard in Resources */ = {isa = PBXBuildFile; fileRef = FC6BC0D22AB9394600C84D25 /* Mypage_Storyboard.storyboard */; };
		FC6BC0DB2AB94FB900C84D25 /* Home_Storyboard.storyboard in Resources */ = {isa = PBXBuildFile; fileRef = FC6BC0DA2AB94FB900C84D25 /* Home_Storyboard.storyboard */; };
		FC6BC0DD2AB95E0F00C84D25 /* A_HomeTabBar.png in Resources */ = {isa = PBXBuildFile; fileRef = FC6BC0DC2AB95E0F00C84D25 /* A_HomeTabBar.png */; };
		FC6BC0DF2AB95EBF00C84D25 /* IA_HomeTabBar.png in Resources */ = {isa = PBXBuildFile; fileRef = FC6BC0DE2AB95EBF00C84D25 /* IA_HomeTabBar.png */; };
		FC6BC0E32AB95F4D00C84D25 /* IA_ColorTabBar.png in Resources */ = {isa = PBXBuildFile; fileRef = FC6BC0E12AB95F4D00C84D25 /* IA_ColorTabBar.png */; };
		FC6BC0E42AB95F4D00C84D25 /* A_ColorTabBar.png in Resources */ = {isa = PBXBuildFile; fileRef = FC6BC0E22AB95F4D00C84D25 /* A_ColorTabBar.png */; };
		FC6BC0E92AB9603700C84D25 /* A_MyPageTabBar.png in Resources */ = {isa = PBXBuildFile; fileRef = FC6BC0E52AB9603700C84D25 /* A_MyPageTabBar.png */; };
		FC6BC0EA2AB9603700C84D25 /* IA_MyPageTabBar.png in Resources */ = {isa = PBXBuildFile; fileRef = FC6BC0E62AB9603700C84D25 /* IA_MyPageTabBar.png */; };
		FC6BC0EB2AB9603700C84D25 /* A_ShopTabBar.png in Resources */ = {isa = PBXBuildFile; fileRef = FC6BC0E72AB9603700C84D25 /* A_ShopTabBar.png */; };
		FC6BC0F02AB971BB00C84D25 /* IA_ShopTabBar.png in Resources */ = {isa = PBXBuildFile; fileRef = FC6BC0EF2AB971BB00C84D25 /* IA_ShopTabBar.png */; };
		FC6BC0F42AB972CB00C84D25 /* Home_ViewController.swift in Sources */ = {isa = PBXBuildFile; fileRef = FC6BC0F32AB972CB00C84D25 /* Home_ViewController.swift */; };
		FC6BC0F62AB973C000C84D25 /* b1.png in Resources */ = {isa = PBXBuildFile; fileRef = FC6BC0F52AB973C000C84D25 /* b1.png */; };
		FC6BC0F82AB973F400C84D25 /* pctest.png in Resources */ = {isa = PBXBuildFile; fileRef = FC6BC0F72AB973F400C84D25 /* pctest.png */; };
		FC6BC0FA2AB9742000C84D25 /* Shop.png in Resources */ = {isa = PBXBuildFile; fileRef = FC6BC0F92AB9742000C84D25 /* Shop.png */; };
		FC6BC0FE2AB976F000C84D25 /* UploadPhoto.png in Resources */ = {isa = PBXBuildFile; fileRef = FC6BC0FD2AB976EF00C84D25 /* UploadPhoto.png */; };
		FC6BC1002AB9773500C84D25 /* btn_Slelct_Photo.png in Resources */ = {isa = PBXBuildFile; fileRef = FC6BC0FF2AB9773500C84D25 /* btn_Slelct_Photo.png */; };
		FC6BC1022AB978E900C84D25 /* Shop_ViewController.swift in Sources */ = {isa = PBXBuildFile; fileRef = FC6BC1012AB978E900C84D25 /* Shop_ViewController.swift */; };
		FC6BC1042AB989CC00C84D25 /* b3.png in Resources */ = {isa = PBXBuildFile; fileRef = FC6BC1032AB989CC00C84D25 /* b3.png */; };
		FC6BC1062AB98A4800C84D25 /* b2.png in Resources */ = {isa = PBXBuildFile; fileRef = FC6BC1052AB98A4800C84D25 /* b2.png */; };
		FC6BC10A2AB98D0F00C84D25 /* btn_naver.png in Resources */ = {isa = PBXBuildFile; fileRef = FC6BC1092AB98D0F00C84D25 /* btn_naver.png */; };
		FC6BC10C2AB98D8000C84D25 /* bg.png in Resources */ = {isa = PBXBuildFile; fileRef = FC6BC10B2AB98D7F00C84D25 /* bg.png */; };
		FC6BC10F2AB995BE00C84D25 /* KakaoSDK in Frameworks */ = {isa = PBXBuildFile; productRef = FC6BC10E2AB995BE00C84D25 /* KakaoSDK */; };
		FC6BC1112AB995BE00C84D25 /* KakaoSDKAuth in Frameworks */ = {isa = PBXBuildFile; productRef = FC6BC1102AB995BE00C84D25 /* KakaoSDKAuth */; };
		FC6BC1142ABA9EA700C84D25 /* PC_ViewController.swift in Sources */ = {isa = PBXBuildFile; fileRef = FC6BC1132ABA9EA700C84D25 /* PC_ViewController.swift */; };
/* End PBXBuildFile section */

/* Begin PBXFileReference section */
		FC6BC0B22AB9340600C84D25 /* PersonalColor_Swift.app */ = {isa = PBXFileReference; explicitFileType = wrapper.application; includeInIndex = 0; path = PersonalColor_Swift.app; sourceTree = BUILT_PRODUCTS_DIR; };
		FC6BC0B52AB9340600C84D25 /* AppDelegate.swift */ = {isa = PBXFileReference; lastKnownFileType = sourcecode.swift; path = AppDelegate.swift; sourceTree = "<group>"; };
		FC6BC0B72AB9340600C84D25 /* SceneDelegate.swift */ = {isa = PBXFileReference; lastKnownFileType = sourcecode.swift; path = SceneDelegate.swift; sourceTree = "<group>"; };
		FC6BC0B92AB9340600C84D25 /* Main_ViewController.swift */ = {isa = PBXFileReference; lastKnownFileType = sourcecode.swift; path = Main_ViewController.swift; sourceTree = "<group>"; };
		FC6BC0BC2AB9340600C84D25 /* Base */ = {isa = PBXFileReference; lastKnownFileType = file.storyboard; name = Base; path = Base.lproj/Main.storyboard; sourceTree = "<group>"; };
		FC6BC0BE2AB9340800C84D25 /* Assets.xcassets */ = {isa = PBXFileReference; lastKnownFileType = folder.assetcatalog; path = Assets.xcassets; sourceTree = "<group>"; };
		FC6BC0C12AB9340800C84D25 /* Base */ = {isa = PBXFileReference; lastKnownFileType = file.storyboard; name = Base; path = Base.lproj/LaunchScreen.storyboard; sourceTree = "<group>"; };
		FC6BC0C32AB9340800C84D25 /* Info.plist */ = {isa = PBXFileReference; lastKnownFileType = text.plist.xml; path = Info.plist; sourceTree = "<group>"; };
		FC6BC0CA2AB9382400C84D25 /* kakao_login_btn.png */ = {isa = PBXFileReference; lastKnownFileType = image.png; path = kakao_login_btn.png; sourceTree = "<group>"; };
		FC6BC0CE2AB9390C00C84D25 /* PC_Storyboard.storyboard */ = {isa = PBXFileReference; lastKnownFileType = file.storyboard; path = PC_Storyboard.storyboard; sourceTree = "<group>"; };
		FC6BC0D02AB9392B00C84D25 /* Shop_Storyboard.storyboard */ = {isa = PBXFileReference; lastKnownFileType = file.storyboard; path = Shop_Storyboard.storyboard; sourceTree = "<group>"; };
		FC6BC0D22AB9394600C84D25 /* Mypage_Storyboard.storyboard */ = {isa = PBXFileReference; lastKnownFileType = file.storyboard; path = Mypage_Storyboard.storyboard; sourceTree = "<group>"; };
		FC6BC0DA2AB94FB900C84D25 /* Home_Storyboard.storyboard */ = {isa = PBXFileReference; lastKnownFileType = file.storyboard; path = Home_Storyboard.storyboard; sourceTree = "<group>"; };
		FC6BC0DC2AB95E0F00C84D25 /* A_HomeTabBar.png */ = {isa = PBXFileReference; lastKnownFileType = image.png; path = A_HomeTabBar.png; sourceTree = "<group>"; };
		FC6BC0DE2AB95EBF00C84D25 /* IA_HomeTabBar.png */ = {isa = PBXFileReference; lastKnownFileType = image.png; path = IA_HomeTabBar.png; sourceTree = "<group>"; };
		FC6BC0E12AB95F4D00C84D25 /* IA_ColorTabBar.png */ = {isa = PBXFileReference; lastKnownFileType = image.png; path = IA_ColorTabBar.png; sourceTree = "<group>"; };
		FC6BC0E22AB95F4D00C84D25 /* A_ColorTabBar.png */ = {isa = PBXFileReference; lastKnownFileType = image.png; path = A_ColorTabBar.png; sourceTree = "<group>"; };
		FC6BC0E52AB9603700C84D25 /* A_MyPageTabBar.png */ = {isa = PBXFileReference; lastKnownFileType = image.png; path = A_MyPageTabBar.png; sourceTree = "<group>"; };
		FC6BC0E62AB9603700C84D25 /* IA_MyPageTabBar.png */ = {isa = PBXFileReference; lastKnownFileType = image.png; path = IA_MyPageTabBar.png; sourceTree = "<group>"; };
		FC6BC0E72AB9603700C84D25 /* A_ShopTabBar.png */ = {isa = PBXFileReference; lastKnownFileType = image.png; path = A_ShopTabBar.png; sourceTree = "<group>"; };
		FC6BC0EF2AB971BB00C84D25 /* IA_ShopTabBar.png */ = {isa = PBXFileReference; lastKnownFileType = image.png; name = IA_ShopTabBar.png; path = ../IA_ShopTabBar.png; sourceTree = "<group>"; };
		FC6BC0F32AB972CB00C84D25 /* Home_ViewController.swift */ = {isa = PBXFileReference; lastKnownFileType = sourcecode.swift; path = Home_ViewController.swift; sourceTree = "<group>"; };
		FC6BC0F52AB973C000C84D25 /* b1.png */ = {isa = PBXFileReference; lastKnownFileType = image.png; path = b1.png; sourceTree = "<group>"; };
		FC6BC0F72AB973F400C84D25 /* pctest.png */ = {isa = PBXFileReference; lastKnownFileType = image.png; path = pctest.png; sourceTree = "<group>"; };
		FC6BC0F92AB9742000C84D25 /* Shop.png */ = {isa = PBXFileReference; lastKnownFileType = image.png; path = Shop.png; sourceTree = "<group>"; };
		FC6BC0FD2AB976EF00C84D25 /* UploadPhoto.png */ = {isa = PBXFileReference; lastKnownFileType = image.png; name = UploadPhoto.png; path = ../../../../../Downloads/UploadPhoto.png; sourceTree = "<group>"; };
		FC6BC0FF2AB9773500C84D25 /* btn_Slelct_Photo.png */ = {isa = PBXFileReference; lastKnownFileType = image.png; path = btn_Slelct_Photo.png; sourceTree = "<group>"; };
		FC6BC1012AB978E900C84D25 /* Shop_ViewController.swift */ = {isa = PBXFileReference; lastKnownFileType = sourcecode.swift; path = Shop_ViewController.swift; sourceTree = "<group>"; };
		FC6BC1032AB989CC00C84D25 /* b3.png */ = {isa = PBXFileReference; lastKnownFileType = image.png; path = b3.png; sourceTree = "<group>"; };
		FC6BC1052AB98A4800C84D25 /* b2.png */ = {isa = PBXFileReference; lastKnownFileType = image.png; path = b2.png; sourceTree = "<group>"; };
		FC6BC1092AB98D0F00C84D25 /* btn_naver.png */ = {isa = PBXFileReference; lastKnownFileType = image.png; path = btn_naver.png; sourceTree = "<group>"; };
		FC6BC10B2AB98D7F00C84D25 /* bg.png */ = {isa = PBXFileReference; lastKnownFileType = image.png; path = bg.png; sourceTree = "<group>"; };
		FC6BC1132ABA9EA700C84D25 /* PC_ViewController.swift */ = {isa = PBXFileReference; lastKnownFileType = sourcecode.swift; path = PC_ViewController.swift; sourceTree = "<group>"; };
/* End PBXFileReference section */

/* Begin PBXFrameworksBuildPhase section */
		FC6BC0AF2AB9340600C84D25 /* Frameworks */ = {
			isa = PBXFrameworksBuildPhase;
			buildActionMask = 2147483647;
			files = (
				FC6BC10F2AB995BE00C84D25 /* KakaoSDK in Frameworks */,
				FC6BC1112AB995BE00C84D25 /* KakaoSDKAuth in Frameworks */,
			);
			runOnlyForDeploymentPostprocessing = 0;
		};
/* End PBXFrameworksBuildPhase section */

/* Begin PBXGroup section */
		FC6BC0A92AB9340600C84D25 = {
			isa = PBXGroup;
			children = (
				FC6BC0B42AB9340600C84D25 /* PersonalColor_Swift */,
				FC6BC0B32AB9340600C84D25 /* Products */,
			);
			sourceTree = "<group>";
		};
		FC6BC0B32AB9340600C84D25 /* Products */ = {
			isa = PBXGroup;
			children = (
				FC6BC0B22AB9340600C84D25 /* PersonalColor_Swift.app */,
			);
			name = Products;
			sourceTree = "<group>";
		};
		FC6BC0B42AB9340600C84D25 /* PersonalColor_Swift */ = {
			isa = PBXGroup;
			children = (
				FC6BC0C92AB9381A00C84D25 /* images */,
				FC6BC0F12AB9726200C84D25 /* View */,
				FC6BC1122ABA9E7300C84D25 /* Storyboard */,
				FC6BC0B72AB9340600C84D25 /* SceneDelegate.swift */,
				FC6BC0B52AB9340600C84D25 /* AppDelegate.swift */,
				FC6BC0BE2AB9340800C84D25 /* Assets.xcassets */,
				FC6BC0C02AB9340800C84D25 /* LaunchScreen.storyboard */,
				FC6BC0C32AB9340800C84D25 /* Info.plist */,
			);
			path = PersonalColor_Swift;
			sourceTree = "<group>";
		};
		FC6BC0C92AB9381A00C84D25 /* images */ = {
			isa = PBXGroup;
			children = (
				FC6BC1032AB989CC00C84D25 /* b3.png */,
				FC6BC1052AB98A4800C84D25 /* b2.png */,
				FC6BC10B2AB98D7F00C84D25 /* bg.png */,
				FC6BC0F92AB9742000C84D25 /* Shop.png */,
				FC6BC0FD2AB976EF00C84D25 /* UploadPhoto.png */,
				FC6BC0F52AB973C000C84D25 /* b1.png */,
				FC6BC0F72AB973F400C84D25 /* pctest.png */,
				FC6BC0F22AB9728B00C84D25 /* Btn */,
				FC6BC0E02AB95F3D00C84D25 /* TabBar */,
			);
			path = images;
			sourceTree = "<group>";
		};
		FC6BC0E02AB95F3D00C84D25 /* TabBar */ = {
			isa = PBXGroup;
			children = (
				FC6BC0EF2AB971BB00C84D25 /* IA_ShopTabBar.png */,
				FC6BC0E52AB9603700C84D25 /* A_MyPageTabBar.png */,
				FC6BC0E72AB9603700C84D25 /* A_ShopTabBar.png */,
				FC6BC0E62AB9603700C84D25 /* IA_MyPageTabBar.png */,
				FC6BC0E22AB95F4D00C84D25 /* A_ColorTabBar.png */,
				FC6BC0E12AB95F4D00C84D25 /* IA_ColorTabBar.png */,
				FC6BC0DE2AB95EBF00C84D25 /* IA_HomeTabBar.png */,
				FC6BC0DC2AB95E0F00C84D25 /* A_HomeTabBar.png */,
			);
			path = TabBar;
			sourceTree = "<group>";
		};
		FC6BC0F12AB9726200C84D25 /* View */ = {
			isa = PBXGroup;
			children = (
				FC6BC0F32AB972CB00C84D25 /* Home_ViewController.swift */,
				FC6BC1012AB978E900C84D25 /* Shop_ViewController.swift */,
				FC6BC1132ABA9EA700C84D25 /* PC_ViewController.swift */,
				FC6BC0B92AB9340600C84D25 /* Main_ViewController.swift */,
			);
			path = View;
			sourceTree = "<group>";
		};
		FC6BC0F22AB9728B00C84D25 /* Btn */ = {
			isa = PBXGroup;
			children = (
				FC6BC0FF2AB9773500C84D25 /* btn_Slelct_Photo.png */,
				FC6BC1092AB98D0F00C84D25 /* btn_naver.png */,
				FC6BC0CA2AB9382400C84D25 /* kakao_login_btn.png */,
			);
			path = Btn;
			sourceTree = "<group>";
		};
		FC6BC1122ABA9E7300C84D25 /* Storyboard */ = {
			isa = PBXGroup;
			children = (
				FC6BC0BB2AB9340600C84D25 /* Main.storyboard */,
				FC6BC0CE2AB9390C00C84D25 /* PC_Storyboard.storyboard */,
				FC6BC0D02AB9392B00C84D25 /* Shop_Storyboard.storyboard */,
				FC6BC0D22AB9394600C84D25 /* Mypage_Storyboard.storyboard */,
				FC6BC0DA2AB94FB900C84D25 /* Home_Storyboard.storyboard */,
			);
			path = Storyboard;
			sourceTree = "<group>";
		};
/* End PBXGroup section */

/* Begin PBXNativeTarget section */
		FC6BC0B12AB9340600C84D25 /* PersonalColor_Swift */ = {
			isa = PBXNativeTarget;
			buildConfigurationList = FC6BC0C62AB9340800C84D25 /* Build configuration list for PBXNativeTarget "PersonalColor_Swift" */;
			buildPhases = (
				FC6BC0AE2AB9340600C84D25 /* Sources */,
				FC6BC0AF2AB9340600C84D25 /* Frameworks */,
				FC6BC0B02AB9340600C84D25 /* Resources */,
			);
			buildRules = (
			);
			dependencies = (
			);
			name = PersonalColor_Swift;
			packageProductDependencies = (
				FC6BC10E2AB995BE00C84D25 /* KakaoSDK */,
				FC6BC1102AB995BE00C84D25 /* KakaoSDKAuth */,
			);
			productName = PersonalColor_Swift;
			productReference = FC6BC0B22AB9340600C84D25 /* PersonalColor_Swift.app */;
			productType = "com.apple.product-type.application";
		};
/* End PBXNativeTarget section */

/* Begin PBXProject section */
		FC6BC0AA2AB9340600C84D25 /* Project object */ = {
			isa = PBXProject;
			attributes = {
				BuildIndependentTargetsInParallel = 1;
				LastSwiftUpdateCheck = 1430;
				LastUpgradeCheck = 1430;
				TargetAttributes = {
					FC6BC0B12AB9340600C84D25 = {
						CreatedOnToolsVersion = 14.3.1;
					};
				};
			};
			buildConfigurationList = FC6BC0AD2AB9340600C84D25 /* Build configuration list for PBXProject "PersonalColor_Swift" */;
			compatibilityVersion = "Xcode 14.0";
			developmentRegion = en;
			hasScannedForEncodings = 0;
			knownRegions = (
				en,
				Base,
			);
			mainGroup = FC6BC0A92AB9340600C84D25;
			packageReferences = (
				FC6BC10D2AB995BE00C84D25 /* XCRemoteSwiftPackageReference "kakao-ios-sdk" */,
			);
			productRefGroup = FC6BC0B32AB9340600C84D25 /* Products */;
			projectDirPath = "";
			projectRoot = "";
			targets = (
				FC6BC0B12AB9340600C84D25 /* PersonalColor_Swift */,
			);
		};
/* End PBXProject section */

/* Begin PBXResourcesBuildPhase section */
		FC6BC0B02AB9340600C84D25 /* Resources */ = {
			isa = PBXResourcesBuildPhase;
			buildActionMask = 2147483647;
			files = (
				FC6BC10C2AB98D8000C84D25 /* bg.png in Resources */,
				FC6BC0EB2AB9603700C84D25 /* A_ShopTabBar.png in Resources */,
				FC6BC1062AB98A4800C84D25 /* b2.png in Resources */,
				FC6BC0F62AB973C000C84D25 /* b1.png in Resources */,
				FC6BC0E92AB9603700C84D25 /* A_MyPageTabBar.png in Resources */,
				FC6BC1042AB989CC00C84D25 /* b3.png in Resources */,
				FC6BC0DF2AB95EBF00C84D25 /* IA_HomeTabBar.png in Resources */,
				FC6BC1002AB9773500C84D25 /* btn_Slelct_Photo.png in Resources */,
				FC6BC0CB2AB9382400C84D25 /* kakao_login_btn.png in Resources */,
				FC6BC0FE2AB976F000C84D25 /* UploadPhoto.png in Resources */,
				FC6BC0C22AB9340800C84D25 /* LaunchScreen.storyboard in Resources */,
				FC6BC0DB2AB94FB900C84D25 /* Home_Storyboard.storyboard in Resources */,
				FC6BC0BF2AB9340800C84D25 /* Assets.xcassets in Resources */,
				FC6BC0F02AB971BB00C84D25 /* IA_ShopTabBar.png in Resources */,
				FC6BC0EA2AB9603700C84D25 /* IA_MyPageTabBar.png in Resources */,
				FC6BC10A2AB98D0F00C84D25 /* btn_naver.png in Resources */,
				FC6BC0FA2AB9742000C84D25 /* Shop.png in Resources */,
				FC6BC0BD2AB9340600C84D25 /* Main.storyboard in Resources */,
				FC6BC0D12AB9392B00C84D25 /* Shop_Storyboard.storyboard in Resources */,
				FC6BC0E42AB95F4D00C84D25 /* A_ColorTabBar.png in Resources */,
				FC6BC0DD2AB95E0F00C84D25 /* A_HomeTabBar.png in Resources */,
				FC6BC0E32AB95F4D00C84D25 /* IA_ColorTabBar.png in Resources */,
				FC6BC0D32AB9394600C84D25 /* Mypage_Storyboard.storyboard in Resources */,
				FC6BC0F82AB973F400C84D25 /* pctest.png in Resources */,
				FC6BC0CF2AB9390C00C84D25 /* PC_Storyboard.storyboard in Resources */,
			);
			runOnlyForDeploymentPostprocessing = 0;
		};
/* End PBXResourcesBuildPhase section */

/* Begin PBXSourcesBuildPhase section */
		FC6BC0AE2AB9340600C84D25 /* Sources */ = {
			isa = PBXSourcesBuildPhase;
			buildActionMask = 2147483647;
			files = (
				FC6BC0BA2AB9340600C84D25 /* Main_ViewController.swift in Sources */,
				FC6BC0B62AB9340600C84D25 /* AppDelegate.swift in Sources */,
				FC6BC0B82AB9340600C84D25 /* SceneDelegate.swift in Sources */,
				FC6BC1142ABA9EA700C84D25 /* PC_ViewController.swift in Sources */,
				FC6BC1022AB978E900C84D25 /* Shop_ViewController.swift in Sources */,
				FC6BC0F42AB972CB00C84D25 /* Home_ViewController.swift in Sources */,
			);
			runOnlyForDeploymentPostprocessing = 0;
		};
/* End PBXSourcesBuildPhase section */

/* Begin PBXVariantGroup section */
		FC6BC0BB2AB9340600C84D25 /* Main.storyboard */ = {
			isa = PBXVariantGroup;
			children = (
				FC6BC0BC2AB9340600C84D25 /* Base */,
			);
			name = Main.storyboard;
			sourceTree = "<group>";
		};
		FC6BC0C02AB9340800C84D25 /* LaunchScreen.storyboard */ = {
			isa = PBXVariantGroup;
			children = (
				FC6BC0C12AB9340800C84D25 /* Base */,
			);
			name = LaunchScreen.storyboard;
			sourceTree = "<group>";
		};
/* End PBXVariantGroup section */

/* Begin XCBuildConfiguration section */
		FC6BC0C42AB9340800C84D25 /* Debug */ = {
			isa = XCBuildConfiguration;
			buildSettings = {
				ALWAYS_SEARCH_USER_PATHS = NO;
				CLANG_ANALYZER_NONNULL = YES;
				CLANG_ANALYZER_NUMBER_OBJECT_CONVERSION = YES_AGGRESSIVE;
				CLANG_CXX_LANGUAGE_STANDARD = "gnu++20";
				CLANG_ENABLE_MODULES = YES;
				CLANG_ENABLE_OBJC_ARC = YES;
				CLANG_ENABLE_OBJC_WEAK = YES;
				CLANG_WARN_BLOCK_CAPTURE_AUTORELEASING = YES;
				CLANG_WARN_BOOL_CONVERSION = YES;
				CLANG_WARN_COMMA = YES;
				CLANG_WARN_CONSTANT_CONVERSION = YES;
				CLANG_WARN_DEPRECATED_OBJC_IMPLEMENTATIONS = YES;
				CLANG_WARN_DIRECT_OBJC_ISA_USAGE = YES_ERROR;
				CLANG_WARN_DOCUMENTATION_COMMENTS = YES;
				CLANG_WARN_EMPTY_BODY = YES;
				CLANG_WARN_ENUM_CONVERSION = YES;
				CLANG_WARN_INFINITE_RECURSION = YES;
				CLANG_WARN_INT_CONVERSION = YES;
				CLANG_WARN_NON_LITERAL_NULL_CONVERSION = YES;
				CLANG_WARN_OBJC_IMPLICIT_RETAIN_SELF = YES;
				CLANG_WARN_OBJC_LITERAL_CONVERSION = YES;
				CLANG_WARN_OBJC_ROOT_CLASS = YES_ERROR;
				CLANG_WARN_QUOTED_INCLUDE_IN_FRAMEWORK_HEADER = YES;
				CLANG_WARN_RANGE_LOOP_ANALYSIS = YES;
				CLANG_WARN_STRICT_PROTOTYPES = YES;
				CLANG_WARN_SUSPICIOUS_MOVE = YES;
				CLANG_WARN_UNGUARDED_AVAILABILITY = YES_AGGRESSIVE;
				CLANG_WARN_UNREACHABLE_CODE = YES;
				CLANG_WARN__DUPLICATE_METHOD_MATCH = YES;
				COPY_PHASE_STRIP = NO;
				DEBUG_INFORMATION_FORMAT = dwarf;
				ENABLE_STRICT_OBJC_MSGSEND = YES;
				ENABLE_TESTABILITY = YES;
				GCC_C_LANGUAGE_STANDARD = gnu11;
				GCC_DYNAMIC_NO_PIC = NO;
				GCC_NO_COMMON_BLOCKS = YES;
				GCC_OPTIMIZATION_LEVEL = 0;
				GCC_PREPROCESSOR_DEFINITIONS = (
					"DEBUG=1",
					"$(inherited)",
				);
				GCC_WARN_64_TO_32_BIT_CONVERSION = YES;
				GCC_WARN_ABOUT_RETURN_TYPE = YES_ERROR;
				GCC_WARN_UNDECLARED_SELECTOR = YES;
				GCC_WARN_UNINITIALIZED_AUTOS = YES_AGGRESSIVE;
				GCC_WARN_UNUSED_FUNCTION = YES;
				GCC_WARN_UNUSED_VARIABLE = YES;
				IPHONEOS_DEPLOYMENT_TARGET = 16.4;
				MTL_ENABLE_DEBUG_INFO = INCLUDE_SOURCE;
				MTL_FAST_MATH = YES;
				ONLY_ACTIVE_ARCH = YES;
				SDKROOT = iphoneos;
				SWIFT_ACTIVE_COMPILATION_CONDITIONS = DEBUG;
				SWIFT_OPTIMIZATION_LEVEL = "-Onone";
			};
			name = Debug;
		};
		FC6BC0C52AB9340800C84D25 /* Release */ = {
			isa = XCBuildConfiguration;
			buildSettings = {
				ALWAYS_SEARCH_USER_PATHS = NO;
				CLANG_ANALYZER_NONNULL = YES;
				CLANG_ANALYZER_NUMBER_OBJECT_CONVERSION = YES_AGGRESSIVE;
				CLANG_CXX_LANGUAGE_STANDARD = "gnu++20";
				CLANG_ENABLE_MODULES = YES;
				CLANG_ENABLE_OBJC_ARC = YES;
				CLANG_ENABLE_OBJC_WEAK = YES;
				CLANG_WARN_BLOCK_CAPTURE_AUTORELEASING = YES;
				CLANG_WARN_BOOL_CONVERSION = YES;
				CLANG_WARN_COMMA = YES;
				CLANG_WARN_CONSTANT_CONVERSION = YES;
				CLANG_WARN_DEPRECATED_OBJC_IMPLEMENTATIONS = YES;
				CLANG_WARN_DIRECT_OBJC_ISA_USAGE = YES_ERROR;
				CLANG_WARN_DOCUMENTATION_COMMENTS = YES;
				CLANG_WARN_EMPTY_BODY = YES;
				CLANG_WARN_ENUM_CONVERSION = YES;
				CLANG_WARN_INFINITE_RECURSION = YES;
				CLANG_WARN_INT_CONVERSION = YES;
				CLANG_WARN_NON_LITERAL_NULL_CONVERSION = YES;
				CLANG_WARN_OBJC_IMPLICIT_RETAIN_SELF = YES;
				CLANG_WARN_OBJC_LITERAL_CONVERSION = YES;
				CLANG_WARN_OBJC_ROOT_CLASS = YES_ERROR;
				CLANG_WARN_QUOTED_INCLUDE_IN_FRAMEWORK_HEADER = YES;
				CLANG_WARN_RANGE_LOOP_ANALYSIS = YES;
				CLANG_WARN_STRICT_PROTOTYPES = YES;
				CLANG_WARN_SUSPICIOUS_MOVE = YES;
				CLANG_WARN_UNGUARDED_AVAILABILITY = YES_AGGRESSIVE;
				CLANG_WARN_UNREACHABLE_CODE = YES;
				CLANG_WARN__DUPLICATE_METHOD_MATCH = YES;
				COPY_PHASE_STRIP = NO;
				DEBUG_INFORMATION_FORMAT = "dwarf-with-dsym";
				ENABLE_NS_ASSERTIONS = NO;
				ENABLE_STRICT_OBJC_MSGSEND = YES;
				GCC_C_LANGUAGE_STANDARD = gnu11;
				GCC_NO_COMMON_BLOCKS = YES;
				GCC_WARN_64_TO_32_BIT_CONVERSION = YES;
				GCC_WARN_ABOUT_RETURN_TYPE = YES_ERROR;
				GCC_WARN_UNDECLARED_SELECTOR = YES;
				GCC_WARN_UNINITIALIZED_AUTOS = YES_AGGRESSIVE;
				GCC_WARN_UNUSED_FUNCTION = YES;
				GCC_WARN_UNUSED_VARIABLE = YES;
				IPHONEOS_DEPLOYMENT_TARGET = 16.4;
				MTL_ENABLE_DEBUG_INFO = NO;
				MTL_FAST_MATH = YES;
				SDKROOT = iphoneos;
				SWIFT_COMPILATION_MODE = wholemodule;
				SWIFT_OPTIMIZATION_LEVEL = "-O";
				VALIDATE_PRODUCT = YES;
			};
			name = Release;
		};
		FC6BC0C72AB9340800C84D25 /* Debug */ = {
			isa = XCBuildConfiguration;
			buildSettings = {
				ASSETCATALOG_COMPILER_APPICON_NAME = AppIcon;
				ASSETCATALOG_COMPILER_GLOBAL_ACCENT_COLOR_NAME = AccentColor;
				CODE_SIGN_STYLE = Automatic;
				CURRENT_PROJECT_VERSION = 1;
				GENERATE_INFOPLIST_FILE = YES;
				INFOPLIST_FILE = PersonalColor_Swift/Info.plist;
				INFOPLIST_KEY_UIApplicationSupportsIndirectInputEvents = YES;
				INFOPLIST_KEY_UILaunchStoryboardName = LaunchScreen;
				INFOPLIST_KEY_UIMainStoryboardFile = Main;
				INFOPLIST_KEY_UISupportedInterfaceOrientations_iPad = "UIInterfaceOrientationPortrait UIInterfaceOrientationPortraitUpsideDown UIInterfaceOrientationLandscapeLeft UIInterfaceOrientationLandscapeRight";
				INFOPLIST_KEY_UISupportedInterfaceOrientations_iPhone = "UIInterfaceOrientationPortrait UIInterfaceOrientationLandscapeLeft UIInterfaceOrientationLandscapeRight";
				LD_RUNPATH_SEARCH_PATHS = (
					"$(inherited)",
					"@executable_path/Frameworks",
				);
				MARKETING_VERSION = 1.0;
				PRODUCT_BUNDLE_IDENTIFIER = "com.swiftlec.PersonalColor-Swift";
				PRODUCT_NAME = "$(TARGET_NAME)";
				SWIFT_EMIT_LOC_STRINGS = YES;
				SWIFT_VERSION = 5.0;
				TARGETED_DEVICE_FAMILY = "1,2";
			};
			name = Debug;
		};
		FC6BC0C82AB9340800C84D25 /* Release */ = {
			isa = XCBuildConfiguration;
			buildSettings = {
				ASSETCATALOG_COMPILER_APPICON_NAME = AppIcon;
				ASSETCATALOG_COMPILER_GLOBAL_ACCENT_COLOR_NAME = AccentColor;
				CODE_SIGN_STYLE = Automatic;
				CURRENT_PROJECT_VERSION = 1;
				GENERATE_INFOPLIST_FILE = YES;
				INFOPLIST_FILE = PersonalColor_Swift/Info.plist;
				INFOPLIST_KEY_UIApplicationSupportsIndirectInputEvents = YES;
				INFOPLIST_KEY_UILaunchStoryboardName = LaunchScreen;
				INFOPLIST_KEY_UIMainStoryboardFile = Main;
				INFOPLIST_KEY_UISupportedInterfaceOrientations_iPad = "UIInterfaceOrientationPortrait UIInterfaceOrientationPortraitUpsideDown UIInterfaceOrientationLandscapeLeft UIInterfaceOrientationLandscapeRight";
				INFOPLIST_KEY_UISupportedInterfaceOrientations_iPhone = "UIInterfaceOrientationPortrait UIInterfaceOrientationLandscapeLeft UIInterfaceOrientationLandscapeRight";
				LD_RUNPATH_SEARCH_PATHS = (
					"$(inherited)",
					"@executable_path/Frameworks",
				);
				MARKETING_VERSION = 1.0;
				PRODUCT_BUNDLE_IDENTIFIER = "com.swiftlec.PersonalColor-Swift";
				PRODUCT_NAME = "$(TARGET_NAME)";
				SWIFT_EMIT_LOC_STRINGS = YES;
				SWIFT_VERSION = 5.0;
				TARGETED_DEVICE_FAMILY = "1,2";
			};
			name = Release;
		};
/* End XCBuildConfiguration section */

/* Begin XCConfigurationList section */
		FC6BC0AD2AB9340600C84D25 /* Build configuration list for PBXProject "PersonalColor_Swift" */ = {
			isa = XCConfigurationList;
			buildConfigurations = (
				FC6BC0C42AB9340800C84D25 /* Debug */,
				FC6BC0C52AB9340800C84D25 /* Release */,
			);
			defaultConfigurationIsVisible = 0;
			defaultConfigurationName = Release;
		};
		FC6BC0C62AB9340800C84D25 /* Build configuration list for PBXNativeTarget "PersonalColor_Swift" */ = {
			isa = XCConfigurationList;
			buildConfigurations = (
				FC6BC0C72AB9340800C84D25 /* Debug */,
				FC6BC0C82AB9340800C84D25 /* Release */,
			);
			defaultConfigurationIsVisible = 0;
			defaultConfigurationName = Release;
		};
/* End XCConfigurationList section */

/* Begin XCRemoteSwiftPackageReference section */
		FC6BC10D2AB995BE00C84D25 /* XCRemoteSwiftPackageReference "kakao-ios-sdk" */ = {
			isa = XCRemoteSwiftPackageReference;
			repositoryURL = "https://github.com/kakao/kakao-ios-sdk";
			requirement = {
				kind = upToNextMajorVersion;
				minimumVersion = 2.0.0;
			};
		};
/* End XCRemoteSwiftPackageReference section */

/* Begin XCSwiftPackageProductDependency section */
		FC6BC10E2AB995BE00C84D25 /* KakaoSDK */ = {
			isa = XCSwiftPackageProductDependency;
			package = FC6BC10D2AB995BE00C84D25 /* XCRemoteSwiftPackageReference "kakao-ios-sdk" */;
			productName = KakaoSDK;
		};
		FC6BC1102AB995BE00C84D25 /* KakaoSDKAuth */ = {
			isa = XCSwiftPackageProductDependency;
			package = FC6BC10D2AB995BE00C84D25 /* XCRemoteSwiftPackageReference "kakao-ios-sdk" */;
			productName = KakaoSDKAuth;
		};
/* End XCSwiftPackageProductDependency section */
	};
	rootObject = FC6BC0AA2AB9340600C84D25 /* Project object */;
}
